// !$*UTF8*$!
{
	archiveVersion = 1;
	classes = {
	};
	objectVersion = 46;
	objects = {

/* Begin PBXBuildFile section */
		5EB14495E114EC3EBDD9109B /* Pods_iOSMinimalCocoaPodsSampleUITests.framework in Frameworks */ = {isa = PBXBuildFile; fileRef = EF3A97193F0FBFC96C522809 /* Pods_iOSMinimalCocoaPodsSampleUITests.framework */; };
		7A9E23238877A6B8B03BF59C /* Pods_iOSMinimalCocoaPodsSampleTests.framework in Frameworks */ = {isa = PBXBuildFile; fileRef = C90934556A6A32805EAAD71A /* Pods_iOSMinimalCocoaPodsSampleTests.framework */; };
		BACC2CA21C933622003570F6 /* main.m in Sources */ = {isa = PBXBuildFile; fileRef = BACC2CA11C933622003570F6 /* main.m */; };
		BACC2CA51C933622003570F6 /* AppDelegate.m in Sources */ = {isa = PBXBuildFile; fileRef = BACC2CA41C933622003570F6 /* AppDelegate.m */; };
		BACC2CA81C933622003570F6 /* iOSMinimalCocoaPodsSample.xcdatamodeld in Sources */ = {isa = PBXBuildFile; fileRef = BACC2CA61C933622003570F6 /* iOSMinimalCocoaPodsSample.xcdatamodeld */; };
		BACC2CAB1C933622003570F6 /* MasterViewController.m in Sources */ = {isa = PBXBuildFile; fileRef = BACC2CAA1C933622003570F6 /* MasterViewController.m */; };
		BACC2CAE1C933622003570F6 /* DetailViewController.m in Sources */ = {isa = PBXBuildFile; fileRef = BACC2CAD1C933622003570F6 /* DetailViewController.m */; };
		BACC2CB11C933622003570F6 /* Main.storyboard in Resources */ = {isa = PBXBuildFile; fileRef = BACC2CAF1C933622003570F6 /* Main.storyboard */; };
		BACC2CB31C933622003570F6 /* Assets.xcassets in Resources */ = {isa = PBXBuildFile; fileRef = BACC2CB21C933622003570F6 /* Assets.xcassets */; };
		BACC2CB61C933622003570F6 /* LaunchScreen.storyboard in Resources */ = {isa = PBXBuildFile; fileRef = BACC2CB41C933622003570F6 /* LaunchScreen.storyboard */; };
		BACC2CC11C933622003570F6 /* iOSMinimalCocoaPodsSampleTests.m in Sources */ = {isa = PBXBuildFile; fileRef = BACC2CC01C933622003570F6 /* iOSMinimalCocoaPodsSampleTests.m */; };
		BACC2CCC1C933622003570F6 /* iOSMinimalCocoaPodsSampleUITests.m in Sources */ = {isa = PBXBuildFile; fileRef = BACC2CCB1C933622003570F6 /* iOSMinimalCocoaPodsSampleUITests.m */; };
		E11FF1F5A31ED55947DAFF00 /* Pods_iOSMinimalCocoaPodsSample.framework in Frameworks */ = {isa = PBXBuildFile; fileRef = 691A4483CE7F6BF7C8CFAAA6 /* Pods_iOSMinimalCocoaPodsSample.framework */; };
/* End PBXBuildFile section */

/* Begin PBXContainerItemProxy section */
		BACC2CBD1C933622003570F6 /* PBXContainerItemProxy */ = {
			isa = PBXContainerItemProxy;
			containerPortal = BACC2C951C933622003570F6 /* Project object */;
			proxyType = 1;
			remoteGlobalIDString = BACC2C9C1C933622003570F6;
			remoteInfo = iOSMinimalCocoaPodsSample;
		};
		BACC2CC81C933622003570F6 /* PBXContainerItemProxy */ = {
			isa = PBXContainerItemProxy;
			containerPortal = BACC2C951C933622003570F6 /* Project object */;
			proxyType = 1;
			remoteGlobalIDString = BACC2C9C1C933622003570F6;
			remoteInfo = iOSMinimalCocoaPodsSample;
		};
/* End PBXContainerItemProxy section */

/* Begin PBXFileReference section */
		0E1A2690602EE0C1CB88AEDE /* Pods-iOSMinimalCocoaPodsSampleUITests.debug.xcconfig */ = {isa = PBXFileReference; includeInIndex = 1; lastKnownFileType = text.xcconfig; name = "Pods-iOSMinimalCocoaPodsSampleUITests.debug.xcconfig"; path = "Pods/Target Support Files/Pods-iOSMinimalCocoaPodsSampleUITests/Pods-iOSMinimalCocoaPodsSampleUITests.debug.xcconfig"; sourceTree = "<group>"; };
		13DAD459B17F6236C1FA53B6 /* Pods-iOSMinimalCocoaPodsSample.debug.xcconfig */ = {isa = PBXFileReference; includeInIndex = 1; lastKnownFileType = text.xcconfig; name = "Pods-iOSMinimalCocoaPodsSample.debug.xcconfig"; path = "Pods/Target Support Files/Pods-iOSMinimalCocoaPodsSample/Pods-iOSMinimalCocoaPodsSample.debug.xcconfig"; sourceTree = "<group>"; };
		14457790977EC3F31BD55443 /* Pods-iOSMinimalCocoaPodsSampleTests.release.xcconfig */ = {isa = PBXFileReference; includeInIndex = 1; lastKnownFileType = text.xcconfig; name = "Pods-iOSMinimalCocoaPodsSampleTests.release.xcconfig"; path = "Pods/Target Support Files/Pods-iOSMinimalCocoaPodsSampleTests/Pods-iOSMinimalCocoaPodsSampleTests.release.xcconfig"; sourceTree = "<group>"; };
		37DCA0222FDA0C34AA6F2591 /* Pods-iOSMinimalCocoaPodsSample.release.xcconfig */ = {isa = PBXFileReference; includeInIndex = 1; lastKnownFileType = text.xcconfig; name = "Pods-iOSMinimalCocoaPodsSample.release.xcconfig"; path = "Pods/Target Support Files/Pods-iOSMinimalCocoaPodsSample/Pods-iOSMinimalCocoaPodsSample.release.xcconfig"; sourceTree = "<group>"; };
		691A4483CE7F6BF7C8CFAAA6 /* Pods_iOSMinimalCocoaPodsSample.framework */ = {isa = PBXFileReference; explicitFileType = wrapper.framework; includeInIndex = 0; path = Pods_iOSMinimalCocoaPodsSample.framework; sourceTree = BUILT_PRODUCTS_DIR; };
		99636340E9FC2C387FE299A9 /* Pods-iOSMinimalCocoaPodsSampleUITests.release.xcconfig */ = {isa = PBXFileReference; includeInIndex = 1; lastKnownFileType = text.xcconfig; name = "Pods-iOSMinimalCocoaPodsSampleUITests.release.xcconfig"; path = "Pods/Target Support Files/Pods-iOSMinimalCocoaPodsSampleUITests/Pods-iOSMinimalCocoaPodsSampleUITests.release.xcconfig"; sourceTree = "<group>"; };
		B7E0AC34C0A664BE8FCF9C77 /* Pods-iOSMinimalCocoaPodsSampleTests.debug.xcconfig */ = {isa = PBXFileReference; includeInIndex = 1; lastKnownFileType = text.xcconfig; name = "Pods-iOSMinimalCocoaPodsSampleTests.debug.xcconfig"; path = "Pods/Target Support Files/Pods-iOSMinimalCocoaPodsSampleTests/Pods-iOSMinimalCocoaPodsSampleTests.debug.xcconfig"; sourceTree = "<group>"; };
		BACC2C9D1C933622003570F6 /* iOSMinimalCocoaPodsSample.app */ = {isa = PBXFileReference; explicitFileType = wrapper.application; includeInIndex = 0; path = iOSMinimalCocoaPodsSample.app; sourceTree = BUILT_PRODUCTS_DIR; };
		BACC2CA11C933622003570F6 /* main.m */ = {isa = PBXFileReference; lastKnownFileType = sourcecode.c.objc; path = main.m; sourceTree = "<group>"; };
		BACC2CA31C933622003570F6 /* AppDelegate.h */ = {isa = PBXFileReference; lastKnownFileType = sourcecode.c.h; path = AppDelegate.h; sourceTree = "<group>"; };
		BACC2CA41C933622003570F6 /* AppDelegate.m */ = {isa = PBXFileReference; lastKnownFileType = sourcecode.c.objc; path = AppDelegate.m; sourceTree = "<group>"; };
		BACC2CA71C933622003570F6 /* iOSMinimalCocoaPodsSample.xcdatamodel */ = {isa = PBXFileReference; lastKnownFileType = wrapper.xcdatamodel; path = iOSMinimalCocoaPodsSample.xcdatamodel; sourceTree = "<group>"; };
		BACC2CA91C933622003570F6 /* MasterViewController.h */ = {isa = PBXFileReference; lastKnownFileType = sourcecode.c.h; path = MasterViewController.h; sourceTree = "<group>"; };
		BACC2CAA1C933622003570F6 /* MasterViewController.m */ = {isa = PBXFileReference; lastKnownFileType = sourcecode.c.objc; path = MasterViewController.m; sourceTree = "<group>"; };
		BACC2CAC1C933622003570F6 /* DetailViewController.h */ = {isa = PBXFileReference; lastKnownFileType = sourcecode.c.h; path = DetailViewController.h; sourceTree = "<group>"; };
		BACC2CAD1C933622003570F6 /* DetailViewController.m */ = {isa = PBXFileReference; lastKnownFileType = sourcecode.c.objc; path = DetailViewController.m; sourceTree = "<group>"; };
		BACC2CB01C933622003570F6 /* Base */ = {isa = PBXFileReference; lastKnownFileType = file.storyboard; name = Base; path = Base.lproj/Main.storyboard; sourceTree = "<group>"; };
		BACC2CB21C933622003570F6 /* Assets.xcassets */ = {isa = PBXFileReference; lastKnownFileType = folder.assetcatalog; path = Assets.xcassets; sourceTree = "<group>"; };
		BACC2CB51C933622003570F6 /* Base */ = {isa = PBXFileReference; lastKnownFileType = file.storyboard; name = Base; path = Base.lproj/LaunchScreen.storyboard; sourceTree = "<group>"; };
		BACC2CB71C933622003570F6 /* Info.plist */ = {isa = PBXFileReference; lastKnownFileType = text.plist.xml; path = Info.plist; sourceTree = "<group>"; };
		BACC2CBC1C933622003570F6 /* iOSMinimalCocoaPodsSampleTests.xctest */ = {isa = PBXFileReference; explicitFileType = wrapper.cfbundle; includeInIndex = 0; path = iOSMinimalCocoaPodsSampleTests.xctest; sourceTree = BUILT_PRODUCTS_DIR; };
		BACC2CC01C933622003570F6 /* iOSMinimalCocoaPodsSampleTests.m */ = {isa = PBXFileReference; lastKnownFileType = sourcecode.c.objc; path = iOSMinimalCocoaPodsSampleTests.m; sourceTree = "<group>"; };
		BACC2CC21C933622003570F6 /* Info.plist */ = {isa = PBXFileReference; lastKnownFileType = text.plist.xml; path = Info.plist; sourceTree = "<group>"; };
		BACC2CC71C933622003570F6 /* iOSMinimalCocoaPodsSampleUITests.xctest */ = {isa = PBXFileReference; explicitFileType = wrapper.cfbundle; includeInIndex = 0; path = iOSMinimalCocoaPodsSampleUITests.xctest; sourceTree = BUILT_PRODUCTS_DIR; };
		BACC2CCB1C933622003570F6 /* iOSMinimalCocoaPodsSampleUITests.m */ = {isa = PBXFileReference; lastKnownFileType = sourcecode.c.objc; path = iOSMinimalCocoaPodsSampleUITests.m; sourceTree = "<group>"; };
		BACC2CCD1C933622003570F6 /* Info.plist */ = {isa = PBXFileReference; lastKnownFileType = text.plist.xml; path = Info.plist; sourceTree = "<group>"; };
		C90934556A6A32805EAAD71A /* Pods_iOSMinimalCocoaPodsSampleTests.framework */ = {isa = PBXFileReference; explicitFileType = wrapper.framework; includeInIndex = 0; path = Pods_iOSMinimalCocoaPodsSampleTests.framework; sourceTree = BUILT_PRODUCTS_DIR; };
		EF3A97193F0FBFC96C522809 /* Pods_iOSMinimalCocoaPodsSampleUITests.framework */ = {isa = PBXFileReference; explicitFileType = wrapper.framework; includeInIndex = 0; path = Pods_iOSMinimalCocoaPodsSampleUITests.framework; sourceTree = BUILT_PRODUCTS_DIR; };
/* End PBXFileReference section */

/* Begin PBXFrameworksBuildPhase section */
		BACC2C9A1C933622003570F6 /* Frameworks */ = {
			isa = PBXFrameworksBuildPhase;
			buildActionMask = 2147483647;
			files = (
				E11FF1F5A31ED55947DAFF00 /* Pods_iOSMinimalCocoaPodsSample.framework in Frameworks */,
			);
			runOnlyForDeploymentPostprocessing = 0;
		};
		BACC2CB91C933622003570F6 /* Frameworks */ = {
			isa = PBXFrameworksBuildPhase;
			buildActionMask = 2147483647;
			files = (
				7A9E23238877A6B8B03BF59C /* Pods_iOSMinimalCocoaPodsSampleTests.framework in Frameworks */,
			);
			runOnlyForDeploymentPostprocessing = 0;
		};
		BACC2CC41C933622003570F6 /* Frameworks */ = {
			isa = PBXFrameworksBuildPhase;
			buildActionMask = 2147483647;
			files = (
				5EB14495E114EC3EBDD9109B /* Pods_iOSMinimalCocoaPodsSampleUITests.framework in Frameworks */,
			);
			runOnlyForDeploymentPostprocessing = 0;
		};
/* End PBXFrameworksBuildPhase section */

/* Begin PBXGroup section */
		63EC89F5A8450187A66AEE35 /* Pods */ = {
			isa = PBXGroup;
			children = (
				13DAD459B17F6236C1FA53B6 /* Pods-iOSMinimalCocoaPodsSample.debug.xcconfig */,
				37DCA0222FDA0C34AA6F2591 /* Pods-iOSMinimalCocoaPodsSample.release.xcconfig */,
				B7E0AC34C0A664BE8FCF9C77 /* Pods-iOSMinimalCocoaPodsSampleTests.debug.xcconfig */,
				14457790977EC3F31BD55443 /* Pods-iOSMinimalCocoaPodsSampleTests.release.xcconfig */,
				0E1A2690602EE0C1CB88AEDE /* Pods-iOSMinimalCocoaPodsSampleUITests.debug.xcconfig */,
				99636340E9FC2C387FE299A9 /* Pods-iOSMinimalCocoaPodsSampleUITests.release.xcconfig */,
			);
			name = Pods;
			sourceTree = "<group>";
		};
		6BBE8B6DD36158FEA5AFCF13 /* Frameworks */ = {
			isa = PBXGroup;
			children = (
				691A4483CE7F6BF7C8CFAAA6 /* Pods_iOSMinimalCocoaPodsSample.framework */,
				C90934556A6A32805EAAD71A /* Pods_iOSMinimalCocoaPodsSampleTests.framework */,
				EF3A97193F0FBFC96C522809 /* Pods_iOSMinimalCocoaPodsSampleUITests.framework */,
			);
			name = Frameworks;
			sourceTree = "<group>";
		};
		BACC2C941C933622003570F6 = {
			isa = PBXGroup;
			children = (
				BACC2C9F1C933622003570F6 /* iOSMinimalCocoaPodsSample */,
				BACC2CBF1C933622003570F6 /* iOSMinimalCocoaPodsSampleTests */,
				BACC2CCA1C933622003570F6 /* iOSMinimalCocoaPodsSampleUITests */,
				BACC2C9E1C933622003570F6 /* Products */,
				63EC89F5A8450187A66AEE35 /* Pods */,
				6BBE8B6DD36158FEA5AFCF13 /* Frameworks */,
			);
			sourceTree = "<group>";
		};
		BACC2C9E1C933622003570F6 /* Products */ = {
			isa = PBXGroup;
			children = (
				BACC2C9D1C933622003570F6 /* iOSMinimalCocoaPodsSample.app */,
				BACC2CBC1C933622003570F6 /* iOSMinimalCocoaPodsSampleTests.xctest */,
				BACC2CC71C933622003570F6 /* iOSMinimalCocoaPodsSampleUITests.xctest */,
			);
			name = Products;
			sourceTree = "<group>";
		};
		BACC2C9F1C933622003570F6 /* iOSMinimalCocoaPodsSample */ = {
			isa = PBXGroup;
			children = (
				BACC2CA31C933622003570F6 /* AppDelegate.h */,
				BACC2CA41C933622003570F6 /* AppDelegate.m */,
				BACC2CA91C933622003570F6 /* MasterViewController.h */,
				BACC2CAA1C933622003570F6 /* MasterViewController.m */,
				BACC2CAC1C933622003570F6 /* DetailViewController.h */,
				BACC2CAD1C933622003570F6 /* DetailViewController.m */,
				BACC2CAF1C933622003570F6 /* Main.storyboard */,
				BACC2CB21C933622003570F6 /* Assets.xcassets */,
				BACC2CB41C933622003570F6 /* LaunchScreen.storyboard */,
				BACC2CB71C933622003570F6 /* Info.plist */,
				BACC2CA61C933622003570F6 /* iOSMinimalCocoaPodsSample.xcdatamodeld */,
				BACC2CA01C933622003570F6 /* Supporting Files */,
			);
			path = iOSMinimalCocoaPodsSample;
			sourceTree = "<group>";
		};
		BACC2CA01C933622003570F6 /* Supporting Files */ = {
			isa = PBXGroup;
			children = (
				BACC2CA11C933622003570F6 /* main.m */,
			);
			name = "Supporting Files";
			sourceTree = "<group>";
		};
		BACC2CBF1C933622003570F6 /* iOSMinimalCocoaPodsSampleTests */ = {
			isa = PBXGroup;
			children = (
				BACC2CC01C933622003570F6 /* iOSMinimalCocoaPodsSampleTests.m */,
				BACC2CC21C933622003570F6 /* Info.plist */,
			);
			path = iOSMinimalCocoaPodsSampleTests;
			sourceTree = "<group>";
		};
		BACC2CCA1C933622003570F6 /* iOSMinimalCocoaPodsSampleUITests */ = {
			isa = PBXGroup;
			children = (
				BACC2CCB1C933622003570F6 /* iOSMinimalCocoaPodsSampleUITests.m */,
				BACC2CCD1C933622003570F6 /* Info.plist */,
			);
			path = iOSMinimalCocoaPodsSampleUITests;
			sourceTree = "<group>";
		};
/* End PBXGroup section */

/* Begin PBXNativeTarget section */
		BACC2C9C1C933622003570F6 /* iOSMinimalCocoaPodsSample */ = {
			isa = PBXNativeTarget;
			buildConfigurationList = BACC2CD01C933622003570F6 /* Build configuration list for PBXNativeTarget "iOSMinimalCocoaPodsSample" */;
			buildPhases = (
				CB857CD4921BFFEFD0BD4E2E /* [CP] Check Pods Manifest.lock */,
				BACC2C991C933622003570F6 /* Sources */,
				BACC2C9A1C933622003570F6 /* Frameworks */,
				BACC2C9B1C933622003570F6 /* Resources */,
				EFF906188D77DD85C488553C /* [CP] Embed Pods Frameworks */,
			);
			buildRules = (
			);
			dependencies = (
			);
			name = iOSMinimalCocoaPodsSample;
			productName = iOSMinimalCocoaPodsSample;
			productReference = BACC2C9D1C933622003570F6 /* iOSMinimalCocoaPodsSample.app */;
			productType = "com.apple.product-type.application";
		};
		BACC2CBB1C933622003570F6 /* iOSMinimalCocoaPodsSampleTests */ = {
			isa = PBXNativeTarget;
			buildConfigurationList = BACC2CD31C933622003570F6 /* Build configuration list for PBXNativeTarget "iOSMinimalCocoaPodsSampleTests" */;
			buildPhases = (
				2E4C66A354200AE6D2EDE877 /* [CP] Check Pods Manifest.lock */,
				BACC2CB81C933622003570F6 /* Sources */,
				BACC2CB91C933622003570F6 /* Frameworks */,
				BACC2CBA1C933622003570F6 /* Resources */,
			);
			buildRules = (
			);
			dependencies = (
				BACC2CBE1C933622003570F6 /* PBXTargetDependency */,
			);
			name = iOSMinimalCocoaPodsSampleTests;
			productName = iOSMinimalCocoaPodsSampleTests;
			productReference = BACC2CBC1C933622003570F6 /* iOSMinimalCocoaPodsSampleTests.xctest */;
			productType = "com.apple.product-type.bundle.unit-test";
		};
		BACC2CC61C933622003570F6 /* iOSMinimalCocoaPodsSampleUITests */ = {
			isa = PBXNativeTarget;
			buildConfigurationList = BACC2CD61C933622003570F6 /* Build configuration list for PBXNativeTarget "iOSMinimalCocoaPodsSampleUITests" */;
			buildPhases = (
				319471860683D5456E54A1E2 /* [CP] Check Pods Manifest.lock */,
				BACC2CC31C933622003570F6 /* Sources */,
				BACC2CC41C933622003570F6 /* Frameworks */,
				BACC2CC51C933622003570F6 /* Resources */,
			);
			buildRules = (
			);
			dependencies = (
				BACC2CC91C933622003570F6 /* PBXTargetDependency */,
			);
			name = iOSMinimalCocoaPodsSampleUITests;
			productName = iOSMinimalCocoaPodsSampleUITests;
			productReference = BACC2CC71C933622003570F6 /* iOSMinimalCocoaPodsSampleUITests.xctest */;
			productType = "com.apple.product-type.bundle.ui-testing";
		};
/* End PBXNativeTarget section */

/* Begin PBXProject section */
		BACC2C951C933622003570F6 /* Project object */ = {
			isa = PBXProject;
			attributes = {
				LastUpgradeCheck = 0720;
				ORGANIZATIONNAME = bitrise;
				TargetAttributes = {
					BACC2C9C1C933622003570F6 = {
						CreatedOnToolsVersion = 7.2.1;
						DevelopmentTeam = 72SA8V3WYL;
					};
					BACC2CBB1C933622003570F6 = {
						CreatedOnToolsVersion = 7.2.1;
						TestTargetID = BACC2C9C1C933622003570F6;
					};
					BACC2CC61C933622003570F6 = {
						CreatedOnToolsVersion = 7.2.1;
						TestTargetID = BACC2C9C1C933622003570F6;
					};
				};
			};
			buildConfigurationList = BACC2C981C933622003570F6 /* Build configuration list for PBXProject "iOSMinimalCocoaPodsSample" */;
			compatibilityVersion = "Xcode 3.2";
			developmentRegion = English;
			hasScannedForEncodings = 0;
			knownRegions = (
				en,
				Base,
			);
			mainGroup = BACC2C941C933622003570F6;
			productRefGroup = BACC2C9E1C933622003570F6 /* Products */;
			projectDirPath = "";
			projectRoot = "";
			targets = (
				BACC2C9C1C933622003570F6 /* iOSMinimalCocoaPodsSample */,
				BACC2CBB1C933622003570F6 /* iOSMinimalCocoaPodsSampleTests */,
				BACC2CC61C933622003570F6 /* iOSMinimalCocoaPodsSampleUITests */,
			);
		};
/* End PBXProject section */

/* Begin PBXResourcesBuildPhase section */
		BACC2C9B1C933622003570F6 /* Resources */ = {
			isa = PBXResourcesBuildPhase;
			buildActionMask = 2147483647;
			files = (
				BACC2CB61C933622003570F6 /* LaunchScreen.storyboard in Resources */,
				BACC2CB31C933622003570F6 /* Assets.xcassets in Resources */,
				BACC2CB11C933622003570F6 /* Main.storyboard in Resources */,
			);
			runOnlyForDeploymentPostprocessing = 0;
		};
		BACC2CBA1C933622003570F6 /* Resources */ = {
			isa = PBXResourcesBuildPhase;
			buildActionMask = 2147483647;
			files = (
			);
			runOnlyForDeploymentPostprocessing = 0;
		};
		BACC2CC51C933622003570F6 /* Resources */ = {
			isa = PBXResourcesBuildPhase;
			buildActionMask = 2147483647;
			files = (
			);
			runOnlyForDeploymentPostprocessing = 0;
		};
/* End PBXResourcesBuildPhase section */

/* Begin PBXShellScriptBuildPhase section */
		2E4C66A354200AE6D2EDE877 /* [CP] Check Pods Manifest.lock */ = {
			isa = PBXShellScriptBuildPhase;
			buildActionMask = 2147483647;
			files = (
			);
			inputPaths = (
				"${PODS_PODFILE_DIR_PATH}/Podfile.lock",
				"${PODS_ROOT}/Manifest.lock",
			);
			name = "[CP] Check Pods Manifest.lock";
			outputPaths = (
				"$(DERIVED_FILE_DIR)/Pods-iOSMinimalCocoaPodsSampleTests-checkManifestLockResult.txt",
			);
			runOnlyForDeploymentPostprocessing = 0;
			shellPath = /bin/sh;
			shellScript = "diff \"${PODS_PODFILE_DIR_PATH}/Podfile.lock\" \"${PODS_ROOT}/Manifest.lock\" > /dev/null\nif [ $? != 0 ] ; then\n    # print error to STDERR\n    echo \"error: The sandbox is not in sync with the Podfile.lock. Run 'pod install' or update your CocoaPods installation.\" >&2\n    exit 1\nfi\n# This output is used by Xcode 'outputs' to avoid re-running this script phase.\necho \"SUCCESS\" > \"${SCRIPT_OUTPUT_FILE_0}\"\n";
			showEnvVarsInLog = 0;
		};
		319471860683D5456E54A1E2 /* [CP] Check Pods Manifest.lock */ = {
			isa = PBXShellScriptBuildPhase;
			buildActionMask = 2147483647;
			files = (
			);
			inputPaths = (
				"${PODS_PODFILE_DIR_PATH}/Podfile.lock",
				"${PODS_ROOT}/Manifest.lock",
			);
			name = "[CP] Check Pods Manifest.lock";
			outputPaths = (
				"$(DERIVED_FILE_DIR)/Pods-iOSMinimalCocoaPodsSampleUITests-checkManifestLockResult.txt",
			);
			runOnlyForDeploymentPostprocessing = 0;
			shellPath = /bin/sh;
			shellScript = "diff \"${PODS_PODFILE_DIR_PATH}/Podfile.lock\" \"${PODS_ROOT}/Manifest.lock\" > /dev/null\nif [ $? != 0 ] ; then\n    # print error to STDERR\n    echo \"error: The sandbox is not in sync with the Podfile.lock. Run 'pod install' or update your CocoaPods installation.\" >&2\n    exit 1\nfi\n# This output is used by Xcode 'outputs' to avoid re-running this script phase.\necho \"SUCCESS\" > \"${SCRIPT_OUTPUT_FILE_0}\"\n";
			showEnvVarsInLog = 0;
		};
		CB857CD4921BFFEFD0BD4E2E /* [CP] Check Pods Manifest.lock */ = {
			isa = PBXShellScriptBuildPhase;
			buildActionMask = 2147483647;
			files = (
			);
			inputPaths = (
				"${PODS_PODFILE_DIR_PATH}/Podfile.lock",
				"${PODS_ROOT}/Manifest.lock",
			);
			name = "[CP] Check Pods Manifest.lock";
			outputPaths = (
				"$(DERIVED_FILE_DIR)/Pods-iOSMinimalCocoaPodsSample-checkManifestLockResult.txt",
			);
			runOnlyForDeploymentPostprocessing = 0;
			shellPath = /bin/sh;
			shellScript = "diff \"${PODS_PODFILE_DIR_PATH}/Podfile.lock\" \"${PODS_ROOT}/Manifest.lock\" > /dev/null\nif [ $? != 0 ] ; then\n    # print error to STDERR\n    echo \"error: The sandbox is not in sync with the Podfile.lock. Run 'pod install' or update your CocoaPods installation.\" >&2\n    exit 1\nfi\n# This output is used by Xcode 'outputs' to avoid re-running this script phase.\necho \"SUCCESS\" > \"${SCRIPT_OUTPUT_FILE_0}\"\n";
			showEnvVarsInLog = 0;
		};
		EFF906188D77DD85C488553C /* [CP] Embed Pods Frameworks */ = {
			isa = PBXShellScriptBuildPhase;
			buildActionMask = 2147483647;
			files = (
			);
			inputPaths = (
				"${SRCROOT}/Pods/Target Support Files/Pods-iOSMinimalCocoaPodsSample/Pods-iOSMinimalCocoaPodsSample-frameworks.sh",
				"${BUILT_PRODUCTS_DIR}/AFNetworking/AFNetworking.framework",
				"${BUILT_PRODUCTS_DIR}/Bolts/Bolts.framework",
				"${BUILT_PRODUCTS_DIR}/FLKAutoLayout/FLKAutoLayout.framework",
				"${BUILT_PRODUCTS_DIR}/ORStackView/ORStackView.framework",
				"${BUILT_PRODUCTS_DIR}/Parse/Parse.framework",
				"${BUILT_PRODUCTS_DIR}/SwiftyJSON/SwiftyJSON.framework",
			);
			name = "[CP] Embed Pods Frameworks";
			outputPaths = (
				"${TARGET_BUILD_DIR}/${FRAMEWORKS_FOLDER_PATH}/AFNetworking.framework",
				"${TARGET_BUILD_DIR}/${FRAMEWORKS_FOLDER_PATH}/Bolts.framework",
				"${TARGET_BUILD_DIR}/${FRAMEWORKS_FOLDER_PATH}/FLKAutoLayout.framework",
				"${TARGET_BUILD_DIR}/${FRAMEWORKS_FOLDER_PATH}/ORStackView.framework",
				"${TARGET_BUILD_DIR}/${FRAMEWORKS_FOLDER_PATH}/Parse.framework",
				"${TARGET_BUILD_DIR}/${FRAMEWORKS_FOLDER_PATH}/SwiftyJSON.framework",
			);
			runOnlyForDeploymentPostprocessing = 0;
			shellPath = /bin/sh;
			shellScript = "\"${SRCROOT}/Pods/Target Support Files/Pods-iOSMinimalCocoaPodsSample/Pods-iOSMinimalCocoaPodsSample-frameworks.sh\"\n";
			showEnvVarsInLog = 0;
		};
/* End PBXShellScriptBuildPhase section */

/* Begin PBXSourcesBuildPhase section */
		BACC2C991C933622003570F6 /* Sources */ = {
			isa = PBXSourcesBuildPhase;
			buildActionMask = 2147483647;
			files = (
				BACC2CAE1C933622003570F6 /* DetailViewController.m in Sources */,
				BACC2CAB1C933622003570F6 /* MasterViewController.m in Sources */,
				BACC2CA81C933622003570F6 /* iOSMinimalCocoaPodsSample.xcdatamodeld in Sources */,
				BACC2CA51C933622003570F6 /* AppDelegate.m in Sources */,
				BACC2CA21C933622003570F6 /* main.m in Sources */,
			);
			runOnlyForDeploymentPostprocessing = 0;
		};
		BACC2CB81C933622003570F6 /* Sources */ = {
			isa = PBXSourcesBuildPhase;
			buildActionMask = 2147483647;
			files = (
				BACC2CC11C933622003570F6 /* iOSMinimalCocoaPodsSampleTests.m in Sources */,
			);
			runOnlyForDeploymentPostprocessing = 0;
		};
		BACC2CC31C933622003570F6 /* Sources */ = {
			isa = PBXSourcesBuildPhase;
			buildActionMask = 2147483647;
			files = (
				BACC2CCC1C933622003570F6 /* iOSMinimalCocoaPodsSampleUITests.m in Sources */,
			);
			runOnlyForDeploymentPostprocessing = 0;
		};
/* End PBXSourcesBuildPhase section */

/* Begin PBXTargetDependency section */
		BACC2CBE1C933622003570F6 /* PBXTargetDependency */ = {
			isa = PBXTargetDependency;
			target = BACC2C9C1C933622003570F6 /* iOSMinimalCocoaPodsSample */;
			targetProxy = BACC2CBD1C933622003570F6 /* PBXContainerItemProxy */;
		};
		BACC2CC91C933622003570F6 /* PBXTargetDependency */ = {
			isa = PBXTargetDependency;
			target = BACC2C9C1C933622003570F6 /* iOSMinimalCocoaPodsSample */;
			targetProxy = BACC2CC81C933622003570F6 /* PBXContainerItemProxy */;
		};
/* End PBXTargetDependency section */

/* Begin PBXVariantGroup section */
		BACC2CAF1C933622003570F6 /* Main.storyboard */ = {
			isa = PBXVariantGroup;
			children = (
				BACC2CB01C933622003570F6 /* Base */,
			);
			name = Main.storyboard;
			sourceTree = "<group>";
		};
		BACC2CB41C933622003570F6 /* LaunchScreen.storyboard */ = {
			isa = PBXVariantGroup;
			children = (
				BACC2CB51C933622003570F6 /* Base */,
			);
			name = LaunchScreen.storyboard;
			sourceTree = "<group>";
		};
/* End PBXVariantGroup section */

/* Begin XCBuildConfiguration section */
		BACC2CCE1C933622003570F6 /* Debug */ = {
			isa = XCBuildConfiguration;
			buildSettings = {
				ALWAYS_SEARCH_USER_PATHS = NO;
				CLANG_CXX_LANGUAGE_STANDARD = "gnu++0x";
				CLANG_CXX_LIBRARY = "libc++";
				CLANG_ENABLE_MODULES = YES;
				CLANG_ENABLE_OBJC_ARC = YES;
				CLANG_WARN_BOOL_CONVERSION = YES;
				CLANG_WARN_CONSTANT_CONVERSION = YES;
				CLANG_WARN_DIRECT_OBJC_ISA_USAGE = YES_ERROR;
				CLANG_WARN_EMPTY_BODY = YES;
				CLANG_WARN_ENUM_CONVERSION = YES;
				CLANG_WARN_INT_CONVERSION = YES;
				CLANG_WARN_OBJC_ROOT_CLASS = YES_ERROR;
				CLANG_WARN_UNREACHABLE_CODE = YES;
				CLANG_WARN__DUPLICATE_METHOD_MATCH = YES;
				"CODE_SIGN_IDENTITY[sdk=iphoneos*]" = "iPhone Developer";
				COPY_PHASE_STRIP = NO;
				DEBUG_INFORMATION_FORMAT = dwarf;
				ENABLE_STRICT_OBJC_MSGSEND = YES;
				ENABLE_TESTABILITY = YES;
				GCC_C_LANGUAGE_STANDARD = gnu99;
				GCC_DYNAMIC_NO_PIC = NO;
				GCC_NO_COMMON_BLOCKS = YES;
				GCC_OPTIMIZATION_LEVEL = 0;
				GCC_PREPROCESSOR_DEFINITIONS = (
					"DEBUG=1",
					"$(inherited)",
				);
				GCC_WARN_64_TO_32_BIT_CONVERSION = YES;
				GCC_WARN_ABOUT_RETURN_TYPE = YES_ERROR;
				GCC_WARN_UNDECLARED_SELECTOR = YES;
				GCC_WARN_UNINITIALIZED_AUTOS = YES_AGGRESSIVE;
				GCC_WARN_UNUSED_FUNCTION = YES;
				GCC_WARN_UNUSED_VARIABLE = YES;
				IPHONEOS_DEPLOYMENT_TARGET = 9.2;
				MTL_ENABLE_DEBUG_INFO = YES;
				ONLY_ACTIVE_ARCH = YES;
				SDKROOT = iphoneos;
				TARGETED_DEVICE_FAMILY = "1,2";
			};
			name = Debug;
		};
		BACC2CCF1C933622003570F6 /* Release */ = {
			isa = XCBuildConfiguration;
			buildSettings = {
				ALWAYS_SEARCH_USER_PATHS = NO;
				CLANG_CXX_LANGUAGE_STANDARD = "gnu++0x";
				CLANG_CXX_LIBRARY = "libc++";
				CLANG_ENABLE_MODULES = YES;
				CLANG_ENABLE_OBJC_ARC = YES;
				CLANG_WARN_BOOL_CONVERSION = YES;
				CLANG_WARN_CONSTANT_CONVERSION = YES;
				CLANG_WARN_DIRECT_OBJC_ISA_USAGE = YES_ERROR;
				CLANG_WARN_EMPTY_BODY = YES;
				CLANG_WARN_ENUM_CONVERSION = YES;
				CLANG_WARN_INT_CONVERSION = YES;
				CLANG_WARN_OBJC_ROOT_CLASS = YES_ERROR;
				CLANG_WARN_UNREACHABLE_CODE = YES;
				CLANG_WARN__DUPLICATE_METHOD_MATCH = YES;
				"CODE_SIGN_IDENTITY[sdk=iphoneos*]" = "iPhone Developer";
				COPY_PHASE_STRIP = NO;
				DEBUG_INFORMATION_FORMAT = "dwarf-with-dsym";
				ENABLE_NS_ASSERTIONS = NO;
				ENABLE_STRICT_OBJC_MSGSEND = YES;
				GCC_C_LANGUAGE_STANDARD = gnu99;
				GCC_NO_COMMON_BLOCKS = YES;
				GCC_WARN_64_TO_32_BIT_CONVERSION = YES;
				GCC_WARN_ABOUT_RETURN_TYPE = YES_ERROR;
				GCC_WARN_UNDECLARED_SELECTOR = YES;
				GCC_WARN_UNINITIALIZED_AUTOS = YES_AGGRESSIVE;
				GCC_WARN_UNUSED_FUNCTION = YES;
				GCC_WARN_UNUSED_VARIABLE = YES;
				IPHONEOS_DEPLOYMENT_TARGET = 9.2;
				MTL_ENABLE_DEBUG_INFO = NO;
				SDKROOT = iphoneos;
				TARGETED_DEVICE_FAMILY = "1,2";
				VALIDATE_PRODUCT = YES;
			};
			name = Release;
		};
		BACC2CD11C933622003570F6 /* Debug */ = {
			isa = XCBuildConfiguration;
			baseConfigurationReference = 13DAD459B17F6236C1FA53B6 /* Pods-iOSMinimalCocoaPodsSample.debug.xcconfig */;
			buildSettings = {
				ASSETCATALOG_COMPILER_APPICON_NAME = AppIcon;
				DEVELOPMENT_TEAM = 72SA8V3WYL;
				INFOPLIST_FILE = iOSMinimalCocoaPodsSample/Info.plist;
				LD_RUNPATH_SEARCH_PATHS = "$(inherited) @executable_path/Frameworks";
				PRODUCT_BUNDLE_IDENTIFIER = io.bitrise.iOSMinimalCocoaPodsSample;
				PRODUCT_NAME = "$(TARGET_NAME)";
			};
			name = Debug;
		};
		BACC2CD21C933622003570F6 /* Release */ = {
			isa = XCBuildConfiguration;
			baseConfigurationReference = 37DCA0222FDA0C34AA6F2591 /* Pods-iOSMinimalCocoaPodsSample.release.xcconfig */;
			buildSettings = {
				ASSETCATALOG_COMPILER_APPICON_NAME = AppIcon;
				DEVELOPMENT_TEAM = 72SA8V3WYL;
				INFOPLIST_FILE = iOSMinimalCocoaPodsSample/Info.plist;
				LD_RUNPATH_SEARCH_PATHS = "$(inherited) @executable_path/Frameworks";
				PRODUCT_BUNDLE_IDENTIFIER = io.bitrise.iOSMinimalCocoaPodsSample;
				PRODUCT_NAME = "$(TARGET_NAME)";
			};
			name = Release;
		};
		BACC2CD41C933622003570F6 /* Debug */ = {
			isa = XCBuildConfiguration;
			baseConfigurationReference = B7E0AC34C0A664BE8FCF9C77 /* Pods-iOSMinimalCocoaPodsSampleTests.debug.xcconfig */;
			buildSettings = {
				BUNDLE_LOADER = "$(TEST_HOST)";
				INFOPLIST_FILE = iOSMinimalCocoaPodsSampleTests/Info.plist;
				LD_RUNPATH_SEARCH_PATHS = "$(inherited) @executable_path/Frameworks @loader_path/Frameworks";
				PRODUCT_BUNDLE_IDENTIFIER = io.bitrise.iOSMinimalCocoaPodsSampleTests;
				PRODUCT_NAME = "$(TARGET_NAME)";
				TEST_HOST = "$(BUILT_PRODUCTS_DIR)/iOSMinimalCocoaPodsSample.app/iOSMinimalCocoaPodsSample";
			};
			name = Debug;
		};
		BACC2CD51C933622003570F6 /* Release */ = {
			isa = XCBuildConfiguration;
			baseConfigurationReference = 14457790977EC3F31BD55443 /* Pods-iOSMinimalCocoaPodsSampleTests.release.xcconfig */;
			buildSettings = {
				BUNDLE_LOADER = "$(TEST_HOST)";
				INFOPLIST_FILE = iOSMinimalCocoaPodsSampleTests/Info.plist;
				LD_RUNPATH_SEARCH_PATHS = "$(inherited) @executable_path/Frameworks @loader_path/Frameworks";
				PRODUCT_BUNDLE_IDENTIFIER = io.bitrise.iOSMinimalCocoaPodsSampleTests;
				PRODUCT_NAME = "$(TARGET_NAME)";
				TEST_HOST = "$(BUILT_PRODUCTS_DIR)/iOSMinimalCocoaPodsSample.app/iOSMinimalCocoaPodsSample";
			};
			name = Release;
		};
		BACC2CD71C933622003570F6 /* Debug */ = {
			isa = XCBuildConfiguration;
			baseConfigurationReference = 0E1A2690602EE0C1CB88AEDE /* Pods-iOSMinimalCocoaPodsSampleUITests.debug.xcconfig */;
			buildSettings = {
				INFOPLIST_FILE = iOSMinimalCocoaPodsSampleUITests/Info.plist;
				LD_RUNPATH_SEARCH_PATHS = "$(inherited) @executable_path/Frameworks @loader_path/Frameworks";
				PRODUCT_BUNDLE_IDENTIFIER = io.bitrise.iOSMinimalCocoaPodsSampleUITests;
				PRODUCT_NAME = "$(TARGET_NAME)";
				TEST_TARGET_NAME = iOSMinimalCocoaPodsSample;
				USES_XCTRUNNER = YES;
			};
			name = Debug;
		};
		BACC2CD81C933622003570F6 /* Release */ = {
			isa = XCBuildConfiguration;
			baseConfigurationReference = 99636340E9FC2C387FE299A9 /* Pods-iOSMinimalCocoaPodsSampleUITests.release.xcconfig */;
			buildSettings = {
				INFOPLIST_FILE = iOSMinimalCocoaPodsSampleUITests/Info.plist;
				LD_RUNPATH_SEARCH_PATHS = "$(inherited) @executable_path/Frameworks @loader_path/Frameworks";
				PRODUCT_BUNDLE_IDENTIFIER = io.bitrise.iOSMinimalCocoaPodsSampleUITests;
				PRODUCT_NAME = "$(TARGET_NAME)";
				TEST_TARGET_NAME = iOSMinimalCocoaPodsSample;
				USES_XCTRUNNER = YES;
			};
			name = Release;
		};
/* End XCBuildConfiguration section */

/* Begin XCConfigurationList section */
		BACC2C981C933622003570F6 /* Build configuration list for PBXProject "iOSMinimalCocoaPodsSample" */ = {
			isa = XCConfigurationList;
			buildConfigurations = (
				BACC2CCE1C933622003570F6 /* Debug */,
				BACC2CCF1C933622003570F6 /* Release */,
			);
			defaultConfigurationIsVisible = 0;
			defaultConfigurationName = Release;
		};
		BACC2CD01C933622003570F6 /* Build configuration list for PBXNativeTarget "iOSMinimalCocoaPodsSample" */ = {
			isa = XCConfigurationList;
			buildConfigurations = (
				BACC2CD11C933622003570F6 /* Debug */,
				BACC2CD21C933622003570F6 /* Release */,
			);
			defaultConfigurationIsVisible = 0;
			defaultConfigurationName = Release;
		};
		BACC2CD31C933622003570F6 /* Build configuration list for PBXNativeTarget "iOSMinimalCocoaPodsSampleTests" */ = {
			isa = XCConfigurationList;
			buildConfigurations = (
				BACC2CD41C933622003570F6 /* Debug */,
				BACC2CD51C933622003570F6 /* Release */,
			);
			defaultConfigurationIsVisible = 0;
			defaultConfigurationName = Release;
		};
		BACC2CD61C933622003570F6 /* Build configuration list for PBXNativeTarget "iOSMinimalCocoaPodsSampleUITests" */ = {
			isa = XCConfigurationList;
			buildConfigurations = (
				BACC2CD71C933622003570F6 /* Debug */,
				BACC2CD81C933622003570F6 /* Release */,
			);
			defaultConfigurationIsVisible = 0;
			defaultConfigurationName = Release;
		};
/* End XCConfigurationList section */

/* Begin XCVersionGroup section */
		BACC2CA61C933622003570F6 /* iOSMinimalCocoaPodsSample.xcdatamodeld */ = {
			isa = XCVersionGroup;
			children = (
				BACC2CA71C933622003570F6 /* iOSMinimalCocoaPodsSample.xcdatamodel */,
			);
			currentVersion = BACC2CA71C933622003570F6 /* iOSMinimalCocoaPodsSample.xcdatamodel */;
			path = iOSMinimalCocoaPodsSample.xcdatamodeld;
			sourceTree = "<group>";
			versionGroupType = wrapper.xcdatamodel;
		};
/* End XCVersionGroup section */
	};
	rootObject = BACC2C951C933622003570F6 /* Project object */;
}
